{
    "version": 3,
    "terraform_version": "0.11.14",
    "serial": 6,
    "lineage": "367af634-15a8-5e4b-f6b4-e91d22f56deb",
    "modules": [
        {
            "path": [
                "root"
            ],
            "outputs": {
                "aws_instance_external_ip": {
                    "sensitive": false,
                    "type": "string",
                    "value": "3.10.14.240"
                },
                "aws_instance_internal_ip": {
                    "sensitive": false,
                    "type": "string",
                    "value": "172.16.0.100"
                }
            },
            "resources": {
                "aws_vpc.aws-vpc": {
                    "type": "aws_vpc",
                    "depends_on": [],
                    "primary": {
                        "id": "vpc-067941bde29fb020c",
                        "attributes": {
                            "arn": "arn:aws:ec2:eu-west-2:122072647213:vpc/vpc-067941bde29fb020c",
                            "assign_generated_ipv6_cidr_block": "false",
                            "cidr_block": "172.16.0.0/16",
                            "default_network_acl_id": "acl-02eeef9caed6d0ab2",
                            "default_route_table_id": "rtb-03acd460b9f7101a0",
                            "default_security_group_id": "sg-07e01534a50788bdd",
                            "dhcp_options_id": "dopt-ec31ad84",
                            "enable_dns_hostnames": "true",
                            "enable_dns_support": "true",
                            "id": "vpc-067941bde29fb020c",
                            "instance_tenancy": "default",
                            "ipv6_association_id": "",
                            "ipv6_cidr_block": "",
                            "main_route_table_id": "rtb-03acd460b9f7101a0",
                            "owner_id": "122072647213",
                            "tags.%": "1",
                            "tags.Name": "aws-vpc"
                        },
                        "meta": {
                            "schema_version": "1"
                        },
                        "tainted": false
                    },
                    "deposed": [],
                    "provider": "provider.aws"
                }
            },
            "depends_on": []
        }
    ]
}
